
Microsoft Visual Studio Solution File, Format Version 12.00
# Visual Studio Version 17
VisualStudioVersion = 17.8.34330.188
MinimumVisualStudioVersion = 10.0.40219.1
Project("{9A19103F-16F7-4668-BE54-9A1E7A4F7556}") = "WeatherForecast.API", "src\WeatherForecast.API\WeatherForecast.API.csproj", "{86C48546-4451-473C-BF74-3D874BA8DE1F}"
EndProject
Project("{2150E333-8FDC-42A3-9474-1A3956D46DE8}") = "src", "src", "{30292FBC-9B99-46F1-AF41-D04589E605DA}"
EndProject
Project("{2150E333-8FDC-42A3-9474-1A3956D46DE8}") = "tests", "tests", "{3412FFF3-DC6B-41FA-A4E1-C002171A2875}"
EndProject
Project("{9A19103F-16F7-4668-BE54-9A1E7A4F7556}") = "WeatherForecast.Application", "src\WeatherForecast.Application\WeatherForecast.Application.csproj", "{3B4B7520-B7C1-4F12-9975-8B168B1A727A}"
EndProject
Project("{9A19103F-16F7-4668-BE54-9A1E7A4F7556}") = "WeatherForecast.Domain", "src\WeatherForecast.Domain\WeatherForecast.Domain.csproj", "{71C63626-CBD7-4B66-9EB5-C09B976AAB06}"
EndProject
Project("{9A19103F-16F7-4668-BE54-9A1E7A4F7556}") = "WeatherForecast.Infrastracture", "src\WeatherForecast.Infrastracture\WeatherForecast.Infrastracture.csproj", "{4187F6BB-B7AE-4D7B-BF0E-102D4073FC56}"
EndProject
Project("{2150E333-8FDC-42A3-9474-1A3956D46DE8}") = "SolutionItems", "SolutionItems", "{A98A4AEA-2E84-4FC9-BA7C-3E4A93C1258B}"
	ProjectSection(SolutionItems) = preProject
		.dockerignore = .dockerignore
		.gitattributes = .gitattributes
		.gitignore = .gitignore
		Assignment.pdf = Assignment.pdf
		docker-compose.yml = docker-compose.yml
		Dockerfile = Dockerfile
		README.md = README.md
	EndProjectSection
EndProject
Project("{9A19103F-16F7-4668-BE54-9A1E7A4F7556}") = "WeatherForecast.Application.Tests", "tests\WeatherForecast.Application.Tests\WeatherForecast.Application.Tests.csproj", "{900E7B37-03F1-4DA5-8397-B4F4517BACCB}"
EndProject
Project("{9A19103F-16F7-4668-BE54-9A1E7A4F7556}") = "WeatherForecast.Tests.Common", "tests\WeatherForecast.Tests.Common\WeatherForecast.Tests.Common.csproj", "{4A8B716B-F117-47AC-81DD-DD9EA3E89414}"
EndProject
Project("{9A19103F-16F7-4668-BE54-9A1E7A4F7556}") = "WeatherForecast.Domain.Tests", "tests\WeatherForecast.Domain.Tests\WeatherForecast.Domain.Tests.csproj", "{8736A69E-F270-42FF-98D6-638C4F295CE2}"
EndProject
Project("{9A19103F-16F7-4668-BE54-9A1E7A4F7556}") = "WeatherForecast.Infrastracture.Tests", "tests\WeatherForecast.Infrastracture.Tests\WeatherForecast.Infrastracture.Tests.csproj", "{17C347C4-F289-4C64-8458-9E213F15DAD5}"
EndProject
Project("{9A19103F-16F7-4668-BE54-9A1E7A4F7556}") = "WeatherForecast.Integration.Tests", "tests\WeatherForecast.Integration.Tests\WeatherForecast.Integration.Tests.csproj", "{EDB5896E-7D3A-4908-BB59-E10800A0BE44}"
EndProject
Global
	GlobalSection(SolutionConfigurationPlatforms) = preSolution
		Debug|Any CPU = Debug|Any CPU
		Release|Any CPU = Release|Any CPU
	EndGlobalSection
	GlobalSection(ProjectConfigurationPlatforms) = postSolution
		{86C48546-4451-473C-BF74-3D874BA8DE1F}.Debug|Any CPU.ActiveCfg = Debug|Any CPU
		{86C48546-4451-473C-BF74-3D874BA8DE1F}.Debug|Any CPU.Build.0 = Debug|Any CPU
		{86C48546-4451-473C-BF74-3D874BA8DE1F}.Release|Any CPU.ActiveCfg = Release|Any CPU
		{86C48546-4451-473C-BF74-3D874BA8DE1F}.Release|Any CPU.Build.0 = Release|Any CPU
		{3B4B7520-B7C1-4F12-9975-8B168B1A727A}.Debug|Any CPU.ActiveCfg = Debug|Any CPU
		{3B4B7520-B7C1-4F12-9975-8B168B1A727A}.Debug|Any CPU.Build.0 = Debug|Any CPU
		{3B4B7520-B7C1-4F12-9975-8B168B1A727A}.Release|Any CPU.ActiveCfg = Release|Any CPU
		{3B4B7520-B7C1-4F12-9975-8B168B1A727A}.Release|Any CPU.Build.0 = Release|Any CPU
		{71C63626-CBD7-4B66-9EB5-C09B976AAB06}.Debug|Any CPU.ActiveCfg = Debug|Any CPU
		{71C63626-CBD7-4B66-9EB5-C09B976AAB06}.Debug|Any CPU.Build.0 = Debug|Any CPU
		{71C63626-CBD7-4B66-9EB5-C09B976AAB06}.Release|Any CPU.ActiveCfg = Release|Any CPU
		{71C63626-CBD7-4B66-9EB5-C09B976AAB06}.Release|Any CPU.Build.0 = Release|Any CPU
		{4187F6BB-B7AE-4D7B-BF0E-102D4073FC56}.Debug|Any CPU.ActiveCfg = Debug|Any CPU
		{4187F6BB-B7AE-4D7B-BF0E-102D4073FC56}.Debug|Any CPU.Build.0 = Debug|Any CPU
		{4187F6BB-B7AE-4D7B-BF0E-102D4073FC56}.Release|Any CPU.ActiveCfg = Release|Any CPU
		{4187F6BB-B7AE-4D7B-BF0E-102D4073FC56}.Release|Any CPU.Build.0 = Release|Any CPU
		{900E7B37-03F1-4DA5-8397-B4F4517BACCB}.Debug|Any CPU.ActiveCfg = Debug|Any CPU
		{900E7B37-03F1-4DA5-8397-B4F4517BACCB}.Debug|Any CPU.Build.0 = Debug|Any CPU
		{900E7B37-03F1-4DA5-8397-B4F4517BACCB}.Release|Any CPU.ActiveCfg = Release|Any CPU
		{900E7B37-03F1-4DA5-8397-B4F4517BACCB}.Release|Any CPU.Build.0 = Release|Any CPU
		{4A8B716B-F117-47AC-81DD-DD9EA3E89414}.Debug|Any CPU.ActiveCfg = Debug|Any CPU
		{4A8B716B-F117-47AC-81DD-DD9EA3E89414}.Debug|Any CPU.Build.0 = Debug|Any CPU
		{4A8B716B-F117-47AC-81DD-DD9EA3E89414}.Release|Any CPU.ActiveCfg = Release|Any CPU
		{4A8B716B-F117-47AC-81DD-DD9EA3E89414}.Release|Any CPU.Build.0 = Release|Any CPU
		{8736A69E-F270-42FF-98D6-638C4F295CE2}.Debug|Any CPU.ActiveCfg = Debug|Any CPU
		{8736A69E-F270-42FF-98D6-638C4F295CE2}.Debug|Any CPU.Build.0 = Debug|Any CPU
		{8736A69E-F270-42FF-98D6-638C4F295CE2}.Release|Any CPU.ActiveCfg = Release|Any CPU
		{8736A69E-F270-42FF-98D6-638C4F295CE2}.Release|Any CPU.Build.0 = Release|Any CPU
		{17C347C4-F289-4C64-8458-9E213F15DAD5}.Debug|Any CPU.ActiveCfg = Debug|Any CPU
		{17C347C4-F289-4C64-8458-9E213F15DAD5}.Debug|Any CPU.Build.0 = Debug|Any CPU
		{17C347C4-F289-4C64-8458-9E213F15DAD5}.Release|Any CPU.ActiveCfg = Release|Any CPU
		{17C347C4-F289-4C64-8458-9E213F15DAD5}.Release|Any CPU.Build.0 = Release|Any CPU
		{EDB5896E-7D3A-4908-BB59-E10800A0BE44}.Debug|Any CPU.ActiveCfg = Debug|Any CPU
		{EDB5896E-7D3A-4908-BB59-E10800A0BE44}.Debug|Any CPU.Build.0 = Debug|Any CPU
		{EDB5896E-7D3A-4908-BB59-E10800A0BE44}.Release|Any CPU.ActiveCfg = Release|Any CPU
		{EDB5896E-7D3A-4908-BB59-E10800A0BE44}.Release|Any CPU.Build.0 = Release|Any CPU
	EndGlobalSection
	GlobalSection(SolutionProperties) = preSolution
		HideSolutionNode = FALSE
	EndGlobalSection
	GlobalSection(NestedProjects) = preSolution
		{86C48546-4451-473C-BF74-3D874BA8DE1F} = {30292FBC-9B99-46F1-AF41-D04589E605DA}
		{3B4B7520-B7C1-4F12-9975-8B168B1A727A} = {30292FBC-9B99-46F1-AF41-D04589E605DA}
		{71C63626-CBD7-4B66-9EB5-C09B976AAB06} = {30292FBC-9B99-46F1-AF41-D04589E605DA}
		{4187F6BB-B7AE-4D7B-BF0E-102D4073FC56} = {30292FBC-9B99-46F1-AF41-D04589E605DA}
		{900E7B37-03F1-4DA5-8397-B4F4517BACCB} = {3412FFF3-DC6B-41FA-A4E1-C002171A2875}
		{4A8B716B-F117-47AC-81DD-DD9EA3E89414} = {3412FFF3-DC6B-41FA-A4E1-C002171A2875}
		{8736A69E-F270-42FF-98D6-638C4F295CE2} = {3412FFF3-DC6B-41FA-A4E1-C002171A2875}
		{17C347C4-F289-4C64-8458-9E213F15DAD5} = {3412FFF3-DC6B-41FA-A4E1-C002171A2875}
		{EDB5896E-7D3A-4908-BB59-E10800A0BE44} = {3412FFF3-DC6B-41FA-A4E1-C002171A2875}
	EndGlobalSection
	GlobalSection(ExtensibilityGlobals) = postSolution
		SolutionGuid = {B59A3BE4-2A80-4A3C-B3D9-6D890C2A04E4}
	EndGlobalSection
EndGlobal
