
Microsoft Visual Studio Solution File, Format Version 12.00
# Visual Studio Version 17
VisualStudioVersion = 17.8.34330.188
MinimumVisualStudioVersion = 10.0.40219.1
Project("{FAE04EC0-301F-11D3-BF4B-00C04F79EFBC}") = "WeatherForecast.API", "src\WeatherForecast.API\WeatherForecast.API.csproj", "{86C48546-4451-473C-BF74-3D874BA8DE1F}"
EndProject
Project("{2150E333-8FDC-42A3-9474-1A3956D46DE8}") = "src", "src", "{30292FBC-9B99-46F1-AF41-D04589E605DA}"
EndProject
Project("{2150E333-8FDC-42A3-9474-1A3956D46DE8}") = "tests", "tests", "{3412FFF3-DC6B-41FA-A4E1-C002171A2875}"
EndProject
Project("{FAE04EC0-301F-11D3-BF4B-00C04F79EFBC}") = "WeatherForecast.Application", "src\WeatherForecast.Application\WeatherForecast.Application.csproj", "{3B4B7520-B7C1-4F12-9975-8B168B1A727A}"
EndProject
Project("{FAE04EC0-301F-11D3-BF4B-00C04F79EFBC}") = "WeatherForecast.Domain", "src\WeatherForecast.Domain\WeatherForecast.Domain.csproj", "{71C63626-CBD7-4B66-9EB5-C09B976AAB06}"
EndProject
Project("{FAE04EC0-301F-11D3-BF4B-00C04F79EFBC}") = "WeatherForecast.Infrastracture", "src\WeatherForecast.Infrastracture\WeatherForecast.Infrastracture.csproj", "{4187F6BB-B7AE-4D7B-BF0E-102D4073FC56}"
EndProject
Global
	GlobalSection(SolutionConfigurationPlatforms) = preSolution
		Debug|Any CPU = Debug|Any CPU
		Release|Any CPU = Release|Any CPU
	EndGlobalSection
	GlobalSection(ProjectConfigurationPlatforms) = postSolution
		{86C48546-4451-473C-BF74-3D874BA8DE1F}.Debug|Any CPU.ActiveCfg = Debug|Any CPU
		{86C48546-4451-473C-BF74-3D874BA8DE1F}.Debug|Any CPU.Build.0 = Debug|Any CPU
		{86C48546-4451-473C-BF74-3D874BA8DE1F}.Release|Any CPU.ActiveCfg = Release|Any CPU
		{86C48546-4451-473C-BF74-3D874BA8DE1F}.Release|Any CPU.Build.0 = Release|Any CPU
		{3B4B7520-B7C1-4F12-9975-8B168B1A727A}.Debug|Any CPU.ActiveCfg = Debug|Any CPU
		{3B4B7520-B7C1-4F12-9975-8B168B1A727A}.Debug|Any CPU.Build.0 = Debug|Any CPU
		{3B4B7520-B7C1-4F12-9975-8B168B1A727A}.Release|Any CPU.ActiveCfg = Release|Any CPU
		{3B4B7520-B7C1-4F12-9975-8B168B1A727A}.Release|Any CPU.Build.0 = Release|Any CPU
		{71C63626-CBD7-4B66-9EB5-C09B976AAB06}.Debug|Any CPU.ActiveCfg = Debug|Any CPU
		{71C63626-CBD7-4B66-9EB5-C09B976AAB06}.Debug|Any CPU.Build.0 = Debug|Any CPU
		{71C63626-CBD7-4B66-9EB5-C09B976AAB06}.Release|Any CPU.ActiveCfg = Release|Any CPU
		{71C63626-CBD7-4B66-9EB5-C09B976AAB06}.Release|Any CPU.Build.0 = Release|Any CPU
		{4187F6BB-B7AE-4D7B-BF0E-102D4073FC56}.Debug|Any CPU.ActiveCfg = Debug|Any CPU
		{4187F6BB-B7AE-4D7B-BF0E-102D4073FC56}.Debug|Any CPU.Build.0 = Debug|Any CPU
		{4187F6BB-B7AE-4D7B-BF0E-102D4073FC56}.Release|Any CPU.ActiveCfg = Release|Any CPU
		{4187F6BB-B7AE-4D7B-BF0E-102D4073FC56}.Release|Any CPU.Build.0 = Release|Any CPU
	EndGlobalSection
	GlobalSection(SolutionProperties) = preSolution
		HideSolutionNode = FALSE
	EndGlobalSection
	GlobalSection(NestedProjects) = preSolution
		{86C48546-4451-473C-BF74-3D874BA8DE1F} = {30292FBC-9B99-46F1-AF41-D04589E605DA}
		{3B4B7520-B7C1-4F12-9975-8B168B1A727A} = {30292FBC-9B99-46F1-AF41-D04589E605DA}
		{71C63626-CBD7-4B66-9EB5-C09B976AAB06} = {30292FBC-9B99-46F1-AF41-D04589E605DA}
		{4187F6BB-B7AE-4D7B-BF0E-102D4073FC56} = {30292FBC-9B99-46F1-AF41-D04589E605DA}
	EndGlobalSection
	GlobalSection(ExtensibilityGlobals) = postSolution
		SolutionGuid = {B59A3BE4-2A80-4A3C-B3D9-6D890C2A04E4}
	EndGlobalSection
EndGlobal
